// !$*UTF8*$!
{
	archiveVersion = 1;
	classes = {
	};
	objectVersion = 56;
	objects = {

/* Begin PBXBuildFile section */
		607183E32BA06909009DD2AE /* AppDelegate.swift in Sources */ = {isa = PBXBuildFile; fileRef = 607183E22BA06909009DD2AE /* AppDelegate.swift */; };
		607183E52BA06909009DD2AE /* SceneDelegate.swift in Sources */ = {isa = PBXBuildFile; fileRef = 607183E42BA06909009DD2AE /* SceneDelegate.swift */; };
		607183E72BA06909009DD2AE /* ViewController.swift in Sources */ = {isa = PBXBuildFile; fileRef = 607183E62BA06909009DD2AE /* ViewController.swift */; };
		607183EA2BA06909009DD2AE /* Main.storyboard in Resources */ = {isa = PBXBuildFile; fileRef = 607183E82BA06909009DD2AE /* Main.storyboard */; };
		607183EC2BA0690A009DD2AE /* Assets.xcassets in Resources */ = {isa = PBXBuildFile; fileRef = 607183EB2BA0690A009DD2AE /* Assets.xcassets */; };
		607183EF2BA0690A009DD2AE /* LaunchScreen.storyboard in Resources */ = {isa = PBXBuildFile; fileRef = 607183ED2BA0690A009DD2AE /* LaunchScreen.storyboard */; };
		607183F72BA0729F009DD2AE /* GoogleService-Info.plist in Resources */ = {isa = PBXBuildFile; fileRef = 607183F62BA0729F009DD2AE /* GoogleService-Info.plist */; };
		607183FA2BA0748B009DD2AE /* FirebaseAnalytics in Frameworks */ = {isa = PBXBuildFile; productRef = 607183F92BA0748B009DD2AE /* FirebaseAnalytics */; };
		607183FC2BA0748B009DD2AE /* FirebaseAuth in Frameworks */ = {isa = PBXBuildFile; productRef = 607183FB2BA0748B009DD2AE /* FirebaseAuth */; };
		607183FE2BA0748B009DD2AE /* FirebaseFirestore in Frameworks */ = {isa = PBXBuildFile; productRef = 607183FD2BA0748B009DD2AE /* FirebaseFirestore */; };
		607184002BA0748B009DD2AE /* FirebaseStorage in Frameworks */ = {isa = PBXBuildFile; productRef = 607183FF2BA0748B009DD2AE /* FirebaseStorage */; };
/* End PBXBuildFile section */

/* Begin PBXFileReference section */
		607183DF2BA06909009DD2AE /* InstagramCloneApp.app */ = {isa = PBXFileReference; explicitFileType = wrapper.application; includeInIndex = 0; path = InstagramCloneApp.app; sourceTree = BUILT_PRODUCTS_DIR; };
		607183E22BA06909009DD2AE /* AppDelegate.swift */ = {isa = PBXFileReference; lastKnownFileType = sourcecode.swift; path = AppDelegate.swift; sourceTree = "<group>"; };
		607183E42BA06909009DD2AE /* SceneDelegate.swift */ = {isa = PBXFileReference; lastKnownFileType = sourcecode.swift; path = SceneDelegate.swift; sourceTree = "<group>"; };
		607183E62BA06909009DD2AE /* ViewController.swift */ = {isa = PBXFileReference; lastKnownFileType = sourcecode.swift; path = ViewController.swift; sourceTree = "<group>"; };
		607183E92BA06909009DD2AE /* Base */ = {isa = PBXFileReference; lastKnownFileType = file.storyboard; name = Base; path = Base.lproj/Main.storyboard; sourceTree = "<group>"; };
		607183EB2BA0690A009DD2AE /* Assets.xcassets */ = {isa = PBXFileReference; lastKnownFileType = folder.assetcatalog; path = Assets.xcassets; sourceTree = "<group>"; };
		607183EE2BA0690A009DD2AE /* Base */ = {isa = PBXFileReference; lastKnownFileType = file.storyboard; name = Base; path = Base.lproj/LaunchScreen.storyboard; sourceTree = "<group>"; };
		607183F02BA0690A009DD2AE /* Info.plist */ = {isa = PBXFileReference; lastKnownFileType = text.plist.xml; path = Info.plist; sourceTree = "<group>"; };
		607183F62BA0729F009DD2AE /* GoogleService-Info.plist */ = {isa = PBXFileReference; fileEncoding = 4; lastKnownFileType = text.plist.xml; path = "GoogleService-Info.plist"; sourceTree = "<group>"; };
/* End PBXFileReference section */

/* Begin PBXFrameworksBuildPhase section */
		607183DC2BA06909009DD2AE /* Frameworks */ = {
			isa = PBXFrameworksBuildPhase;
			buildActionMask = 2147483647;
			files = (
				607183FA2BA0748B009DD2AE /* FirebaseAnalytics in Frameworks */,
				607184002BA0748B009DD2AE /* FirebaseStorage in Frameworks */,
				607183FC2BA0748B009DD2AE /* FirebaseAuth in Frameworks */,
				607183FE2BA0748B009DD2AE /* FirebaseFirestore in Frameworks */,
			);
			runOnlyForDeploymentPostprocessing = 0;
		};
/* End PBXFrameworksBuildPhase section */

/* Begin PBXGroup section */
		607183D62BA06909009DD2AE = {
			isa = PBXGroup;
			children = (
				607183E12BA06909009DD2AE /* InstagramCloneApp */,
				607183E02BA06909009DD2AE /* Products */,
			);
			sourceTree = "<group>";
		};
		607183E02BA06909009DD2AE /* Products */ = {
			isa = PBXGroup;
			children = (
				607183DF2BA06909009DD2AE /* InstagramCloneApp.app */,
			);
			name = Products;
			sourceTree = "<group>";
		};
		607183E12BA06909009DD2AE /* InstagramCloneApp */ = {
			isa = PBXGroup;
			children = (
				607183E22BA06909009DD2AE /* AppDelegate.swift */,
				607183E42BA06909009DD2AE /* SceneDelegate.swift */,
				607183E62BA06909009DD2AE /* ViewController.swift */,
				607183E82BA06909009DD2AE /* Main.storyboard */,
				607183EB2BA0690A009DD2AE /* Assets.xcassets */,
				607183ED2BA0690A009DD2AE /* LaunchScreen.storyboard */,
				607183F02BA0690A009DD2AE /* Info.plist */,
				607183F62BA0729F009DD2AE /* GoogleService-Info.plist */,
			);
			path = InstagramCloneApp;
			sourceTree = "<group>";
		};
/* End PBXGroup section */

/* Begin PBXNativeTarget section */
		607183DE2BA06909009DD2AE /* InstagramCloneApp */ = {
			isa = PBXNativeTarget;
			buildConfigurationList = 607183F32BA0690A009DD2AE /* Build configuration list for PBXNativeTarget "InstagramCloneApp" */;
			buildPhases = (
				607183DB2BA06909009DD2AE /* Sources */,
				607183DC2BA06909009DD2AE /* Frameworks */,
				607183DD2BA06909009DD2AE /* Resources */,
			);
			buildRules = (
			);
			dependencies = (
			);
			name = InstagramCloneApp;
			packageProductDependencies = (
				607183F92BA0748B009DD2AE /* FirebaseAnalytics */,
				607183FB2BA0748B009DD2AE /* FirebaseAuth */,
				607183FD2BA0748B009DD2AE /* FirebaseFirestore */,
				607183FF2BA0748B009DD2AE /* FirebaseStorage */,
			);
			productName = InstagramCloneApp;
			productReference = 607183DF2BA06909009DD2AE /* InstagramCloneApp.app */;
			productType = "com.apple.product-type.application";
		};
/* End PBXNativeTarget section */

/* Begin PBXProject section */
		607183D72BA06909009DD2AE /* Project object */ = {
			isa = PBXProject;
			attributes = {
				BuildIndependentTargetsInParallel = 1;
				LastSwiftUpdateCheck = 1420;
				LastUpgradeCheck = 1420;
				TargetAttributes = {
					607183DE2BA06909009DD2AE = {
						CreatedOnToolsVersion = 14.2;
					};
				};
			};
			buildConfigurationList = 607183DA2BA06909009DD2AE /* Build configuration list for PBXProject "InstagramCloneApp" */;
			compatibilityVersion = "Xcode 14.0";
			developmentRegion = en;
			hasScannedForEncodings = 0;
			knownRegions = (
				en,
				Base,
			);
			mainGroup = 607183D62BA06909009DD2AE;
			packageReferences = (
				607183F82BA0748B009DD2AE /* XCRemoteSwiftPackageReference "firebase-ios-sdk" */,
			);
			productRefGroup = 607183E02BA06909009DD2AE /* Products */;
			projectDirPath = "";
			projectRoot = "";
			targets = (
				607183DE2BA06909009DD2AE /* InstagramCloneApp */,
			);
		};
/* End PBXProject section */

/* Begin PBXResourcesBuildPhase section */
		607183DD2BA06909009DD2AE /* Resources */ = {
			isa = PBXResourcesBuildPhase;
			buildActionMask = 2147483647;
			files = (
				607183EF2BA0690A009DD2AE /* LaunchScreen.storyboard in Resources */,
				607183F72BA0729F009DD2AE /* GoogleService-Info.plist in Resources */,
				607183EC2BA0690A009DD2AE /* Assets.xcassets in Resources */,
				607183EA2BA06909009DD2AE /* Main.storyboard in Resources */,
			);
			runOnlyForDeploymentPostprocessing = 0;
		};
/* End PBXResourcesBuildPhase section */

/* Begin PBXSourcesBuildPhase section */
		607183DB2BA06909009DD2AE /* Sources */ = {
			isa = PBXSourcesBuildPhase;
			buildActionMask = 2147483647;
			files = (
				607183E72BA06909009DD2AE /* ViewController.swift in Sources */,
				607183E32BA06909009DD2AE /* AppDelegate.swift in Sources */,
				607183E52BA06909009DD2AE /* SceneDelegate.swift in Sources */,
			);
			runOnlyForDeploymentPostprocessing = 0;
		};
/* End PBXSourcesBuildPhase section */

/* Begin PBXVariantGroup section */
		607183E82BA06909009DD2AE /* Main.storyboard */ = {
			isa = PBXVariantGroup;
			children = (
				607183E92BA06909009DD2AE /* Base */,
			);
			name = Main.storyboard;
			sourceTree = "<group>";
		};
		607183ED2BA0690A009DD2AE /* LaunchScreen.storyboard */ = {
			isa = PBXVariantGroup;
			children = (
				607183EE2BA0690A009DD2AE /* Base */,
			);
			name = LaunchScreen.storyboard;
			sourceTree = "<group>";
		};
/* End PBXVariantGroup section */

/* Begin XCBuildConfiguration section */
		607183F12BA0690A009DD2AE /* Debug */ = {
			isa = XCBuildConfiguration;
			buildSettings = {
				ALWAYS_SEARCH_USER_PATHS = NO;
				CLANG_ANALYZER_NONNULL = YES;
				CLANG_ANALYZER_NUMBER_OBJECT_CONVERSION = YES_AGGRESSIVE;
				CLANG_CXX_LANGUAGE_STANDARD = "gnu++20";
				CLANG_ENABLE_MODULES = YES;
				CLANG_ENABLE_OBJC_ARC = YES;
				CLANG_ENABLE_OBJC_WEAK = YES;
				CLANG_WARN_BLOCK_CAPTURE_AUTORELEASING = YES;
				CLANG_WARN_BOOL_CONVERSION = YES;
				CLANG_WARN_COMMA = YES;
				CLANG_WARN_CONSTANT_CONVERSION = YES;
				CLANG_WARN_DEPRECATED_OBJC_IMPLEMENTATIONS = YES;
				CLANG_WARN_DIRECT_OBJC_ISA_USAGE = YES_ERROR;
				CLANG_WARN_DOCUMENTATION_COMMENTS = YES;
				CLANG_WARN_EMPTY_BODY = YES;
				CLANG_WARN_ENUM_CONVERSION = YES;
				CLANG_WARN_INFINITE_RECURSION = YES;
				CLANG_WARN_INT_CONVERSION = YES;
				CLANG_WARN_NON_LITERAL_NULL_CONVERSION = YES;
				CLANG_WARN_OBJC_IMPLICIT_RETAIN_SELF = YES;
				CLANG_WARN_OBJC_LITERAL_CONVERSION = YES;
				CLANG_WARN_OBJC_ROOT_CLASS = YES_ERROR;
				CLANG_WARN_QUOTED_INCLUDE_IN_FRAMEWORK_HEADER = YES;
				CLANG_WARN_RANGE_LOOP_ANALYSIS = YES;
				CLANG_WARN_STRICT_PROTOTYPES = YES;
				CLANG_WARN_SUSPICIOUS_MOVE = YES;
				CLANG_WARN_UNGUARDED_AVAILABILITY = YES_AGGRESSIVE;
				CLANG_WARN_UNREACHABLE_CODE = YES;
				CLANG_WARN__DUPLICATE_METHOD_MATCH = YES;
				COPY_PHASE_STRIP = NO;
				DEBUG_INFORMATION_FORMAT = dwarf;
				ENABLE_STRICT_OBJC_MSGSEND = YES;
				ENABLE_TESTABILITY = YES;
				GCC_C_LANGUAGE_STANDARD = gnu11;
				GCC_DYNAMIC_NO_PIC = NO;
				GCC_NO_COMMON_BLOCKS = YES;
				GCC_OPTIMIZATION_LEVEL = 0;
				GCC_PREPROCESSOR_DEFINITIONS = (
					"DEBUG=1",
					"$(inherited)",
				);
				GCC_WARN_64_TO_32_BIT_CONVERSION = YES;
				GCC_WARN_ABOUT_RETURN_TYPE = YES_ERROR;
				GCC_WARN_UNDECLARED_SELECTOR = YES;
				GCC_WARN_UNINITIALIZED_AUTOS = YES_AGGRESSIVE;
				GCC_WARN_UNUSED_FUNCTION = YES;
				GCC_WARN_UNUSED_VARIABLE = YES;
				IPHONEOS_DEPLOYMENT_TARGET = 16.2;
				MTL_ENABLE_DEBUG_INFO = INCLUDE_SOURCE;
				MTL_FAST_MATH = YES;
				ONLY_ACTIVE_ARCH = YES;
				SDKROOT = iphoneos;
				SWIFT_ACTIVE_COMPILATION_CONDITIONS = DEBUG;
				SWIFT_OPTIMIZATION_LEVEL = "-Onone";
			};
			name = Debug;
		};
		607183F22BA0690A009DD2AE /* Release */ = {
			isa = XCBuildConfiguration;
			buildSettings = {
				ALWAYS_SEARCH_USER_PATHS = NO;
				CLANG_ANALYZER_NONNULL = YES;
				CLANG_ANALYZER_NUMBER_OBJECT_CONVERSION = YES_AGGRESSIVE;
				CLANG_CXX_LANGUAGE_STANDARD = "gnu++20";
				CLANG_ENABLE_MODULES = YES;
				CLANG_ENABLE_OBJC_ARC = YES;
				CLANG_ENABLE_OBJC_WEAK = YES;
				CLANG_WARN_BLOCK_CAPTURE_AUTORELEASING = YES;
				CLANG_WARN_BOOL_CONVERSION = YES;
				CLANG_WARN_COMMA = YES;
				CLANG_WARN_CONSTANT_CONVERSION = YES;
				CLANG_WARN_DEPRECATED_OBJC_IMPLEMENTATIONS = YES;
				CLANG_WARN_DIRECT_OBJC_ISA_USAGE = YES_ERROR;
				CLANG_WARN_DOCUMENTATION_COMMENTS = YES;
				CLANG_WARN_EMPTY_BODY = YES;
				CLANG_WARN_ENUM_CONVERSION = YES;
				CLANG_WARN_INFINITE_RECURSION = YES;
				CLANG_WARN_INT_CONVERSION = YES;
				CLANG_WARN_NON_LITERAL_NULL_CONVERSION = YES;
				CLANG_WARN_OBJC_IMPLICIT_RETAIN_SELF = YES;
				CLANG_WARN_OBJC_LITERAL_CONVERSION = YES;
				CLANG_WARN_OBJC_ROOT_CLASS = YES_ERROR;
				CLANG_WARN_QUOTED_INCLUDE_IN_FRAMEWORK_HEADER = YES;
				CLANG_WARN_RANGE_LOOP_ANALYSIS = YES;
				CLANG_WARN_STRICT_PROTOTYPES = YES;
				CLANG_WARN_SUSPICIOUS_MOVE = YES;
				CLANG_WARN_UNGUARDED_AVAILABILITY = YES_AGGRESSIVE;
				CLANG_WARN_UNREACHABLE_CODE = YES;
				CLANG_WARN__DUPLICATE_METHOD_MATCH = YES;
				COPY_PHASE_STRIP = NO;
				DEBUG_INFORMATION_FORMAT = "dwarf-with-dsym";
				ENABLE_NS_ASSERTIONS = NO;
				ENABLE_STRICT_OBJC_MSGSEND = YES;
				GCC_C_LANGUAGE_STANDARD = gnu11;
				GCC_NO_COMMON_BLOCKS = YES;
				GCC_WARN_64_TO_32_BIT_CONVERSION = YES;
				GCC_WARN_ABOUT_RETURN_TYPE = YES_ERROR;
				GCC_WARN_UNDECLARED_SELECTOR = YES;
				GCC_WARN_UNINITIALIZED_AUTOS = YES_AGGRESSIVE;
				GCC_WARN_UNUSED_FUNCTION = YES;
				GCC_WARN_UNUSED_VARIABLE = YES;
				IPHONEOS_DEPLOYMENT_TARGET = 16.2;
				MTL_ENABLE_DEBUG_INFO = NO;
				MTL_FAST_MATH = YES;
				SDKROOT = iphoneos;
				SWIFT_COMPILATION_MODE = wholemodule;
				SWIFT_OPTIMIZATION_LEVEL = "-O";
				VALIDATE_PRODUCT = YES;
			};
			name = Release;
		};
		607183F42BA0690A009DD2AE /* Debug */ = {
			isa = XCBuildConfiguration;
			buildSettings = {
				ASSETCATALOG_COMPILER_APPICON_NAME = AppIcon;
				ASSETCATALOG_COMPILER_GLOBAL_ACCENT_COLOR_NAME = AccentColor;
				CODE_SIGN_STYLE = Automatic;
				CURRENT_PROJECT_VERSION = 1;
				DEVELOPMENT_TEAM = G58UNYLJYD;
				GENERATE_INFOPLIST_FILE = YES;
				INFOPLIST_FILE = InstagramCloneApp/Info.plist;
				INFOPLIST_KEY_UIApplicationSupportsIndirectInputEvents = YES;
				INFOPLIST_KEY_UILaunchStoryboardName = LaunchScreen;
				INFOPLIST_KEY_UIMainStoryboardFile = Main;
				INFOPLIST_KEY_UISupportedInterfaceOrientations_iPad = "UIInterfaceOrientationPortrait UIInterfaceOrientationPortraitUpsideDown UIInterfaceOrientationLandscapeLeft UIInterfaceOrientationLandscapeRight";
				INFOPLIST_KEY_UISupportedInterfaceOrientations_iPhone = "UIInterfaceOrientationPortrait UIInterfaceOrientationLandscapeLeft UIInterfaceOrientationLandscapeRight";
				LD_RUNPATH_SEARCH_PATHS = (
					"$(inherited)",
					"@executable_path/Frameworks",
				);
				MARKETING_VERSION = 1.0;
				PRODUCT_BUNDLE_IDENTIFIER = com.aliserkanboyraci.InstagramCloneApp;
				PRODUCT_NAME = "$(TARGET_NAME)";
				SWIFT_EMIT_LOC_STRINGS = YES;
				SWIFT_VERSION = 5.0;
				TARGETED_DEVICE_FAMILY = "1,2";
			};
			name = Debug;
		};
		607183F52BA0690A009DD2AE /* Release */ = {
			isa = XCBuildConfiguration;
			buildSettings = {
				ASSETCATALOG_COMPILER_APPICON_NAME = AppIcon;
				ASSETCATALOG_COMPILER_GLOBAL_ACCENT_COLOR_NAME = AccentColor;
				CODE_SIGN_STYLE = Automatic;
				CURRENT_PROJECT_VERSION = 1;
				DEVELOPMENT_TEAM = G58UNYLJYD;
				GENERATE_INFOPLIST_FILE = YES;
				INFOPLIST_FILE = InstagramCloneApp/Info.plist;
				INFOPLIST_KEY_UIApplicationSupportsIndirectInputEvents = YES;
				INFOPLIST_KEY_UILaunchStoryboardName = LaunchScreen;
				INFOPLIST_KEY_UIMainStoryboardFile = Main;
				INFOPLIST_KEY_UISupportedInterfaceOrientations_iPad = "UIInterfaceOrientationPortrait UIInterfaceOrientationPortraitUpsideDown UIInterfaceOrientationLandscapeLeft UIInterfaceOrientationLandscapeRight";
				INFOPLIST_KEY_UISupportedInterfaceOrientations_iPhone = "UIInterfaceOrientationPortrait UIInterfaceOrientationLandscapeLeft UIInterfaceOrientationLandscapeRight";
				LD_RUNPATH_SEARCH_PATHS = (
					"$(inherited)",
					"@executable_path/Frameworks",
				);
				MARKETING_VERSION = 1.0;
				PRODUCT_BUNDLE_IDENTIFIER = com.aliserkanboyraci.InstagramCloneApp;
				PRODUCT_NAME = "$(TARGET_NAME)";
				SWIFT_EMIT_LOC_STRINGS = YES;
				SWIFT_VERSION = 5.0;
				TARGETED_DEVICE_FAMILY = "1,2";
			};
			name = Release;
		};
/* End XCBuildConfiguration section */

/* Begin XCConfigurationList section */
		607183DA2BA06909009DD2AE /* Build configuration list for PBXProject "InstagramCloneApp" */ = {
			isa = XCConfigurationList;
			buildConfigurations = (
				607183F12BA0690A009DD2AE /* Debug */,
				607183F22BA0690A009DD2AE /* Release */,
			);
			defaultConfigurationIsVisible = 0;
			defaultConfigurationName = Release;
		};
		607183F32BA0690A009DD2AE /* Build configuration list for PBXNativeTarget "InstagramCloneApp" */ = {
			isa = XCConfigurationList;
			buildConfigurations = (
				607183F42BA0690A009DD2AE /* Debug */,
				607183F52BA0690A009DD2AE /* Release */,
			);
			defaultConfigurationIsVisible = 0;
			defaultConfigurationName = Release;
		};
/* End XCConfigurationList section */

/* Begin XCRemoteSwiftPackageReference section */
		607183F82BA0748B009DD2AE /* XCRemoteSwiftPackageReference "firebase-ios-sdk" */ = {
			isa = XCRemoteSwiftPackageReference;
			repositoryURL = "https://github.com/firebase/firebase-ios-sdk";
			requirement = {
				kind = upToNextMajorVersion;
				minimumVersion = 9.0.0;
			};
		};
/* End XCRemoteSwiftPackageReference section */

/* Begin XCSwiftPackageProductDependency section */
		607183F92BA0748B009DD2AE /* FirebaseAnalytics */ = {
			isa = XCSwiftPackageProductDependency;
			package = 607183F82BA0748B009DD2AE /* XCRemoteSwiftPackageReference "firebase-ios-sdk" */;
			productName = FirebaseAnalytics;
		};
		607183FB2BA0748B009DD2AE /* FirebaseAuth */ = {
			isa = XCSwiftPackageProductDependency;
			package = 607183F82BA0748B009DD2AE /* XCRemoteSwiftPackageReference "firebase-ios-sdk" */;
			productName = FirebaseAuth;
		};
		607183FD2BA0748B009DD2AE /* FirebaseFirestore */ = {
			isa = XCSwiftPackageProductDependency;
			package = 607183F82BA0748B009DD2AE /* XCRemoteSwiftPackageReference "firebase-ios-sdk" */;
			productName = FirebaseFirestore;
		};
		607183FF2BA0748B009DD2AE /* FirebaseStorage */ = {
			isa = XCSwiftPackageProductDependency;
			package = 607183F82BA0748B009DD2AE /* XCRemoteSwiftPackageReference "firebase-ios-sdk" */;
			productName = FirebaseStorage;
		};
/* End XCSwiftPackageProductDependency section */
	};
	rootObject = 607183D72BA06909009DD2AE /* Project object */;
}
